PODS:
  - Alamofire (4.7.3)
  - AlamofireImage (3.3.1):
    - Alamofire (~> 4.5)
  - ImageSlideshow (1.6.1):
    - ImageSlideshow/Core (= 1.6.1)
  - ImageSlideshow/Alamofire (1.6.1):
    - AlamofireImage (~> 3.0)
    - ImageSlideshow/Core
  - ImageSlideshow/Core (1.6.1)
  - SVProgressHUD (2.2.5)
  - SwiftyJSON (4.1.0)

DEPENDENCIES:
  - Alamofire
  - AlamofireImage
  - ImageSlideshow
  - ImageSlideshow/Alamofire
  - SVProgressHUD
  - SwiftyJSON

SPEC REPOS:
  https://github.com/cocoapods/specs.git:
    - Alamofire
    - AlamofireImage
    - ImageSlideshow
    - SVProgressHUD
    - SwiftyJSON

SPEC CHECKSUMS:
  Alamofire: c7287b6e5d7da964a70935e5db17046b7fde6568
  AlamofireImage: 3b35b586853abaf94ca1250f4e94cff3c21a4c0d
  ImageSlideshow: f0f33e1a20668e83d77f5fb7729e4ae4437c0759
  SVProgressHUD: 1428aafac632c1f86f62aa4243ec12008d7a51d6
  SwiftyJSON: c29297daf073d2aa016295d5809cdd68045c39b3

PODFILE CHECKSUM: e2d03c746cfd1ffd916f3ef1e9f262b11b134cec

COCOAPODS: 1.5.3
